
Microsoft Visual Studio Solution File, Format Version 12.00
# Visual Studio Version 16
VisualStudioVersion = 16.0.30717.126
MinimumVisualStudioVersion = 10.0.40219.1
Project("{FAE04EC0-301F-11D3-BF4B-00C04F79EFBC}") = "StudentManagement", "StudentManagement\StudentManagement.csproj", "{46C8F2A0-5719-47C9-8DB9-52BBB3EE47E1}"
EndProject
Global
	GlobalSection(SolutionConfigurationPlatforms) = preSolution
		Debug|Any CPU = Debug|Any CPU
		Release|Any CPU = Release|Any CPU
	EndGlobalSection
	GlobalSection(ProjectConfigurationPlatforms) = postSolution
		{46C8F2A0-5719-47C9-8DB9-52BBB3EE47E1}.Debug|Any CPU.ActiveCfg = Debug|Any CPU
		{46C8F2A0-5719-47C9-8DB9-52BBB3EE47E1}.Debug|Any CPU.Build.0 = Debug|Any CPU
		{46C8F2A0-5719-47C9-8DB9-52BBB3EE47E1}.Release|Any CPU.ActiveCfg = Release|Any CPU
		{46C8F2A0-5719-47C9-8DB9-52BBB3EE47E1}.Release|Any CPU.Build.0 = Release|Any CPU
	EndGlobalSection
	GlobalSection(SolutionProperties) = preSolution
		HideSolutionNode = FALSE
	EndGlobalSection
	GlobalSection(ExtensibilityGlobals) = postSolution
		SolutionGuid = {4AF2B95A-F16A-4BAA-B787-BB479BAC43DB}
	EndGlobalSection
EndGlobal
